
Microsoft Visual Studio Solution File, Format Version 12.00
# Visual Studio 15
VisualStudioVersion = 15.0.28307.539
MinimumVisualStudioVersion = 10.0.40219.1
Project("{FAE04EC0-301F-11D3-BF4B-00C04F79EFBC}") = "baitwoky2", "baitwoky2\baitwoky2.csproj", "{A86AA7CC-39FC-4B6F-80E3-CCF4583A6642}"
EndProject
Global
	GlobalSection(SolutionConfigurationPlatforms) = preSolution
		Debug|Any CPU = Debug|Any CPU
		Release|Any CPU = Release|Any CPU
	EndGlobalSection
	GlobalSection(ProjectConfigurationPlatforms) = postSolution
		{A86AA7CC-39FC-4B6F-80E3-CCF4583A6642}.Debug|Any CPU.ActiveCfg = Debug|Any CPU
		{A86AA7CC-39FC-4B6F-80E3-CCF4583A6642}.Debug|Any CPU.Build.0 = Debug|Any CPU
		{A86AA7CC-39FC-4B6F-80E3-CCF4583A6642}.Release|Any CPU.ActiveCfg = Release|Any CPU
		{A86AA7CC-39FC-4B6F-80E3-CCF4583A6642}.Release|Any CPU.Build.0 = Release|Any CPU
	EndGlobalSection
	GlobalSection(SolutionProperties) = preSolution
		HideSolutionNode = FALSE
	EndGlobalSection
	GlobalSection(ExtensibilityGlobals) = postSolution
		SolutionGuid = {B5E1D42C-F218-4393-9BEE-A5C52543BEBF}
	EndGlobalSection
EndGlobal
